// !$*UTF8*$!
{
	archiveVersion = 1;
	classes = {
	};
	objectVersion = 48;
	objects = {

/* Begin PBXBuildFile section */
		1A4077B6204687BA008D0A22 /* HomeViewAssembly.swift in Sources */ = {isa = PBXBuildFile; fileRef = 1A4077B5204687BA008D0A22 /* HomeViewAssembly.swift */; };
		1A4077B820469149008D0A22 /* HomeViewRouter.swift in Sources */ = {isa = PBXBuildFile; fileRef = 1A4077B720469149008D0A22 /* HomeViewRouter.swift */; };
		1A4077BB204692A9008D0A22 /* WeatherDetailViewController.swift in Sources */ = {isa = PBXBuildFile; fileRef = 1A4077BA204692A9008D0A22 /* WeatherDetailViewController.swift */; };
		1A4077BD20469CC2008D0A22 /* WeatherDetailPresenter.swift in Sources */ = {isa = PBXBuildFile; fileRef = 1A4077BC20469CC2008D0A22 /* WeatherDetailPresenter.swift */; };
		1A4077BF20469CD1008D0A22 /* WeatherDetailInteractor.swift in Sources */ = {isa = PBXBuildFile; fileRef = 1A4077BE20469CD1008D0A22 /* WeatherDetailInteractor.swift */; };
		1A4077C120469CE2008D0A22 /* WeatherDetailAssembly.swift in Sources */ = {isa = PBXBuildFile; fileRef = 1A4077C020469CE2008D0A22 /* WeatherDetailAssembly.swift */; };
		1A521868203EE02B003186A5 /* AppDelegate.swift in Sources */ = {isa = PBXBuildFile; fileRef = 1A521867203EE02B003186A5 /* AppDelegate.swift */; };
		1A52186A203EE02C003186A5 /* HomeViewController.swift in Sources */ = {isa = PBXBuildFile; fileRef = 1A521869203EE02C003186A5 /* HomeViewController.swift */; };
		1A521872203EE02C003186A5 /* LaunchScreen.storyboard in Resources */ = {isa = PBXBuildFile; fileRef = 1A521870203EE02C003186A5 /* LaunchScreen.storyboard */; };
		1A52187A203EE125003186A5 /* Main.storyboard in Resources */ = {isa = PBXBuildFile; fileRef = 1A521879203EE124003186A5 /* Main.storyboard */; };
		1A52187E203EE153003186A5 /* Assets.xcassets in Resources */ = {isa = PBXBuildFile; fileRef = 1A52187D203EE153003186A5 /* Assets.xcassets */; };
		1A521888203EE1CD003186A5 /* Enum.swift in Sources */ = {isa = PBXBuildFile; fileRef = 1A521881203EE1CD003186A5 /* Enum.swift */; };
		1A521889203EE1CD003186A5 /* Double+Extension.swift in Sources */ = {isa = PBXBuildFile; fileRef = 1A521883203EE1CD003186A5 /* Double+Extension.swift */; };
		1A52188A203EE1CD003186A5 /* UIImageView+Extension.swift in Sources */ = {isa = PBXBuildFile; fileRef = 1A521884203EE1CD003186A5 /* UIImageView+Extension.swift */; };
		1A52188B203EE1CD003186A5 /* UIViewController+Extension.swift in Sources */ = {isa = PBXBuildFile; fileRef = 1A521885203EE1CD003186A5 /* UIViewController+Extension.swift */; };
		1A52188C203EE1CD003186A5 /* NetworkManager.swift in Sources */ = {isa = PBXBuildFile; fileRef = 1A521887203EE1CD003186A5 /* NetworkManager.swift */; };
		1A521890203EE22F003186A5 /* DayView.swift in Sources */ = {isa = PBXBuildFile; fileRef = 1A52188E203EE22E003186A5 /* DayView.swift */; };
		1A521891203EE22F003186A5 /* WeatherCell.swift in Sources */ = {isa = PBXBuildFile; fileRef = 1A52188F203EE22E003186A5 /* WeatherCell.swift */; };
		1A521898203EEBDE003186A5 /* WeatherItem.swift in Sources */ = {isa = PBXBuildFile; fileRef = 1A521897203EEBDE003186A5 /* WeatherItem.swift */; };
		1A52189A203EEC1A003186A5 /* HomeViewPresenter.swift in Sources */ = {isa = PBXBuildFile; fileRef = 1A521899203EEC1A003186A5 /* HomeViewPresenter.swift */; };
		1A52189E203EEC5F003186A5 /* HomeViewInteractor.swift in Sources */ = {isa = PBXBuildFile; fileRef = 1A52189D203EEC5F003186A5 /* HomeViewInteractor.swift */; };
/* End PBXBuildFile section */

/* Begin PBXFileReference section */
		1A4077B5204687BA008D0A22 /* HomeViewAssembly.swift */ = {isa = PBXFileReference; lastKnownFileType = sourcecode.swift; name = HomeViewAssembly.swift; path = WeatherAppVIPER/Module/Home/HomeViewAssembly.swift; sourceTree = SOURCE_ROOT; };
		1A4077B720469149008D0A22 /* HomeViewRouter.swift */ = {isa = PBXFileReference; lastKnownFileType = sourcecode.swift; path = HomeViewRouter.swift; sourceTree = "<group>"; };
		1A4077BA204692A9008D0A22 /* WeatherDetailViewController.swift */ = {isa = PBXFileReference; lastKnownFileType = sourcecode.swift; path = WeatherDetailViewController.swift; sourceTree = "<group>"; };
		1A4077BC20469CC2008D0A22 /* WeatherDetailPresenter.swift */ = {isa = PBXFileReference; lastKnownFileType = sourcecode.swift; path = WeatherDetailPresenter.swift; sourceTree = "<group>"; };
		1A4077BE20469CD1008D0A22 /* WeatherDetailInteractor.swift */ = {isa = PBXFileReference; lastKnownFileType = sourcecode.swift; path = WeatherDetailInteractor.swift; sourceTree = "<group>"; };
		1A4077C020469CE2008D0A22 /* WeatherDetailAssembly.swift */ = {isa = PBXFileReference; lastKnownFileType = sourcecode.swift; path = WeatherDetailAssembly.swift; sourceTree = "<group>"; };
		1A521864203EE02B003186A5 /* WeatherAppVIPER.app */ = {isa = PBXFileReference; explicitFileType = wrapper.application; includeInIndex = 0; path = WeatherAppVIPER.app; sourceTree = BUILT_PRODUCTS_DIR; };
		1A521867203EE02B003186A5 /* AppDelegate.swift */ = {isa = PBXFileReference; lastKnownFileType = sourcecode.swift; path = AppDelegate.swift; sourceTree = "<group>"; };
		1A521869203EE02C003186A5 /* HomeViewController.swift */ = {isa = PBXFileReference; lastKnownFileType = sourcecode.swift; path = HomeViewController.swift; sourceTree = "<group>"; };
		1A521871203EE02C003186A5 /* Base */ = {isa = PBXFileReference; lastKnownFileType = file.storyboard; name = Base; path = Base.lproj/LaunchScreen.storyboard; sourceTree = "<group>"; };
		1A521873203EE02C003186A5 /* Info.plist */ = {isa = PBXFileReference; lastKnownFileType = text.plist.xml; path = Info.plist; sourceTree = "<group>"; };
		1A521879203EE124003186A5 /* Main.storyboard */ = {isa = PBXFileReference; fileEncoding = 4; lastKnownFileType = file.storyboard; path = Main.storyboard; sourceTree = "<group>"; };
		1A52187D203EE153003186A5 /* Assets.xcassets */ = {isa = PBXFileReference; lastKnownFileType = folder.assetcatalog; path = Assets.xcassets; sourceTree = "<group>"; };
		1A521881203EE1CD003186A5 /* Enum.swift */ = {isa = PBXFileReference; fileEncoding = 4; lastKnownFileType = sourcecode.swift; path = Enum.swift; sourceTree = "<group>"; };
		1A521883203EE1CD003186A5 /* Double+Extension.swift */ = {isa = PBXFileReference; fileEncoding = 4; lastKnownFileType = sourcecode.swift; path = "Double+Extension.swift"; sourceTree = "<group>"; };
		1A521884203EE1CD003186A5 /* UIImageView+Extension.swift */ = {isa = PBXFileReference; fileEncoding = 4; lastKnownFileType = sourcecode.swift; path = "UIImageView+Extension.swift"; sourceTree = "<group>"; };
		1A521885203EE1CD003186A5 /* UIViewController+Extension.swift */ = {isa = PBXFileReference; fileEncoding = 4; lastKnownFileType = sourcecode.swift; path = "UIViewController+Extension.swift"; sourceTree = "<group>"; };
		1A521887203EE1CD003186A5 /* NetworkManager.swift */ = {isa = PBXFileReference; fileEncoding = 4; lastKnownFileType = sourcecode.swift; path = NetworkManager.swift; sourceTree = "<group>"; };
		1A52188E203EE22E003186A5 /* DayView.swift */ = {isa = PBXFileReference; fileEncoding = 4; lastKnownFileType = sourcecode.swift; path = DayView.swift; sourceTree = "<group>"; };
		1A52188F203EE22E003186A5 /* WeatherCell.swift */ = {isa = PBXFileReference; fileEncoding = 4; lastKnownFileType = sourcecode.swift; path = WeatherCell.swift; sourceTree = "<group>"; };
		1A521897203EEBDE003186A5 /* WeatherItem.swift */ = {isa = PBXFileReference; fileEncoding = 4; lastKnownFileType = sourcecode.swift; path = WeatherItem.swift; sourceTree = "<group>"; };
		1A521899203EEC1A003186A5 /* HomeViewPresenter.swift */ = {isa = PBXFileReference; lastKnownFileType = sourcecode.swift; path = HomeViewPresenter.swift; sourceTree = "<group>"; };
		1A52189D203EEC5F003186A5 /* HomeViewInteractor.swift */ = {isa = PBXFileReference; lastKnownFileType = sourcecode.swift; path = HomeViewInteractor.swift; sourceTree = "<group>"; };
/* End PBXFileReference section */

/* Begin PBXFrameworksBuildPhase section */
		1A521861203EE02B003186A5 /* Frameworks */ = {
			isa = PBXFrameworksBuildPhase;
			buildActionMask = 2147483647;
			files = (
			);
			runOnlyForDeploymentPostprocessing = 0;
		};
/* End PBXFrameworksBuildPhase section */

/* Begin PBXGroup section */
		1A4077B920469278008D0A22 /* WeatherDetailScreen */ = {
			isa = PBXGroup;
			children = (
				1A4077BA204692A9008D0A22 /* WeatherDetailViewController.swift */,
				1A4077BC20469CC2008D0A22 /* WeatherDetailPresenter.swift */,
				1A4077BE20469CD1008D0A22 /* WeatherDetailInteractor.swift */,
				1A4077C020469CE2008D0A22 /* WeatherDetailAssembly.swift */,
			);
			path = WeatherDetailScreen;
			sourceTree = "<group>";
		};
		1A52185B203EE02B003186A5 = {
			isa = PBXGroup;
			children = (
				1A521866203EE02B003186A5 /* WeatherAppVIPER */,
				1A521865203EE02B003186A5 /* Products */,
			);
			sourceTree = "<group>";
		};
		1A521865203EE02B003186A5 /* Products */ = {
			isa = PBXGroup;
			children = (
				1A521864203EE02B003186A5 /* WeatherAppVIPER.app */,
			);
			name = Products;
			sourceTree = "<group>";
		};
		1A521866203EE02B003186A5 /* WeatherAppVIPER */ = {
			isa = PBXGroup;
			children = (
				1A521896203EEBC3003186A5 /* Model */,
				1A521893203EE305003186A5 /* Module */,
				1A521886203EE1CD003186A5 /* Network */,
				1A52187F203EE1CD003186A5 /* Store */,
				1A521867203EE02B003186A5 /* AppDelegate.swift */,
				1A521879203EE124003186A5 /* Main.storyboard */,
				1A521870203EE02C003186A5 /* LaunchScreen.storyboard */,
				1A52187D203EE153003186A5 /* Assets.xcassets */,
				1A521873203EE02C003186A5 /* Info.plist */,
			);
			path = WeatherAppVIPER;
			sourceTree = "<group>";
		};
		1A52187F203EE1CD003186A5 /* Store */ = {
			isa = PBXGroup;
			children = (
				1A521880203EE1CD003186A5 /* Enum */,
				1A521882203EE1CD003186A5 /* Extensions */,
			);
			path = Store;
			sourceTree = "<group>";
		};
		1A521880203EE1CD003186A5 /* Enum */ = {
			isa = PBXGroup;
			children = (
				1A521881203EE1CD003186A5 /* Enum.swift */,
			);
			path = Enum;
			sourceTree = "<group>";
		};
		1A521882203EE1CD003186A5 /* Extensions */ = {
			isa = PBXGroup;
			children = (
				1A521883203EE1CD003186A5 /* Double+Extension.swift */,
				1A521884203EE1CD003186A5 /* UIImageView+Extension.swift */,
				1A521885203EE1CD003186A5 /* UIViewController+Extension.swift */,
			);
			path = Extensions;
			sourceTree = "<group>";
		};
		1A521886203EE1CD003186A5 /* Network */ = {
			isa = PBXGroup;
			children = (
				1A521887203EE1CD003186A5 /* NetworkManager.swift */,
			);
			path = Network;
			sourceTree = "<group>";
		};
		1A52188D203EE225003186A5 /* View */ = {
			isa = PBXGroup;
			children = (
				1A52188E203EE22E003186A5 /* DayView.swift */,
				1A52188F203EE22E003186A5 /* WeatherCell.swift */,
			);
			path = View;
			sourceTree = "<group>";
		};
		1A521892203EE2F5003186A5 /* Home */ = {
			isa = PBXGroup;
			children = (
				1A52188D203EE225003186A5 /* View */,
				1A521869203EE02C003186A5 /* HomeViewController.swift */,
				1A521899203EEC1A003186A5 /* HomeViewPresenter.swift */,
				1A52189D203EEC5F003186A5 /* HomeViewInteractor.swift */,
				1A4077B5204687BA008D0A22 /* HomeViewAssembly.swift */,
				1A4077B720469149008D0A22 /* HomeViewRouter.swift */,
			);
			path = Home;
			sourceTree = "<group>";
		};
		1A521893203EE305003186A5 /* Module */ = {
			isa = PBXGroup;
			children = (
				1A4077B920469278008D0A22 /* WeatherDetailScreen */,
				1A521892203EE2F5003186A5 /* Home */,
			);
			path = Module;
			sourceTree = "<group>";
		};
		1A521896203EEBC3003186A5 /* Model */ = {
			isa = PBXGroup;
			children = (
				1A521897203EEBDE003186A5 /* WeatherItem.swift */,
			);
			path = Model;
			sourceTree = "<group>";
		};
/* End PBXGroup section */

/* Begin PBXNativeTarget section */
		1A521863203EE02B003186A5 /* WeatherAppVIPER */ = {
			isa = PBXNativeTarget;
			buildConfigurationList = 1A521876203EE02C003186A5 /* Build configuration list for PBXNativeTarget "WeatherAppVIPER" */;
			buildPhases = (
				1A521860203EE02B003186A5 /* Sources */,
				1A521861203EE02B003186A5 /* Frameworks */,
				1A521862203EE02B003186A5 /* Resources */,
			);
			buildRules = (
			);
			dependencies = (
			);
			name = WeatherAppVIPER;
			productName = WeatherAppVIPER;
			productReference = 1A521864203EE02B003186A5 /* WeatherAppVIPER.app */;
			productType = "com.apple.product-type.application";
		};
/* End PBXNativeTarget section */

/* Begin PBXProject section */
		1A52185C203EE02B003186A5 /* Project object */ = {
			isa = PBXProject;
			attributes = {
				LastSwiftUpdateCheck = 0920;
				LastUpgradeCheck = 0920;
				ORGANIZATIONNAME = ramchandra;
				TargetAttributes = {
					1A521863203EE02B003186A5 = {
						CreatedOnToolsVersion = 9.2;
						ProvisioningStyle = Manual;
					};
				};
			};
			buildConfigurationList = 1A52185F203EE02B003186A5 /* Build configuration list for PBXProject "WeatherAppVIPER" */;
			compatibilityVersion = "Xcode 8.0";
			developmentRegion = en;
			hasScannedForEncodings = 0;
			knownRegions = (
				en,
				Base,
			);
			mainGroup = 1A52185B203EE02B003186A5;
			productRefGroup = 1A521865203EE02B003186A5 /* Products */;
			projectDirPath = "";
			projectRoot = "";
			targets = (
				1A521863203EE02B003186A5 /* WeatherAppVIPER */,
			);
		};
/* End PBXProject section */

/* Begin PBXResourcesBuildPhase section */
		1A521862203EE02B003186A5 /* Resources */ = {
			isa = PBXResourcesBuildPhase;
			buildActionMask = 2147483647;
			files = (
				1A521872203EE02C003186A5 /* LaunchScreen.storyboard in Resources */,
				1A52187E203EE153003186A5 /* Assets.xcassets in Resources */,
				1A52187A203EE125003186A5 /* Main.storyboard in Resources */,
			);
			runOnlyForDeploymentPostprocessing = 0;
		};
/* End PBXResourcesBuildPhase section */

/* Begin PBXSourcesBuildPhase section */
		1A521860203EE02B003186A5 /* Sources */ = {
			isa = PBXSourcesBuildPhase;
			buildActionMask = 2147483647;
			files = (
				1A52188B203EE1CD003186A5 /* UIViewController+Extension.swift in Sources */,
				1A521890203EE22F003186A5 /* DayView.swift in Sources */,
				1A4077BD20469CC2008D0A22 /* WeatherDetailPresenter.swift in Sources */,
				1A4077B6204687BA008D0A22 /* HomeViewAssembly.swift in Sources */,
				1A4077BB204692A9008D0A22 /* WeatherDetailViewController.swift in Sources */,
				1A521898203EEBDE003186A5 /* WeatherItem.swift in Sources */,
				1A521891203EE22F003186A5 /* WeatherCell.swift in Sources */,
				1A4077BF20469CD1008D0A22 /* WeatherDetailInteractor.swift in Sources */,
				1A52188A203EE1CD003186A5 /* UIImageView+Extension.swift in Sources */,
				1A4077B820469149008D0A22 /* HomeViewRouter.swift in Sources */,
				1A521889203EE1CD003186A5 /* Double+Extension.swift in Sources */,
				1A52189E203EEC5F003186A5 /* HomeViewInteractor.swift in Sources */,
				1A52188C203EE1CD003186A5 /* NetworkManager.swift in Sources */,
				1A52186A203EE02C003186A5 /* HomeViewController.swift in Sources */,
				1A521868203EE02B003186A5 /* AppDelegate.swift in Sources */,
				1A52189A203EEC1A003186A5 /* HomeViewPresenter.swift in Sources */,
				1A521888203EE1CD003186A5 /* Enum.swift in Sources */,
				1A4077C120469CE2008D0A22 /* WeatherDetailAssembly.swift in Sources */,
			);
			runOnlyForDeploymentPostprocessing = 0;
		};
/* End PBXSourcesBuildPhase section */

/* Begin PBXVariantGroup section */
		1A521870203EE02C003186A5 /* LaunchScreen.storyboard */ = {
			isa = PBXVariantGroup;
			children = (
				1A521871203EE02C003186A5 /* Base */,
			);
			name = LaunchScreen.storyboard;
			sourceTree = "<group>";
		};
/* End PBXVariantGroup section */

/* Begin XCBuildConfiguration section */
		1A521874203EE02C003186A5 /* Debug */ = {
			isa = XCBuildConfiguration;
			buildSettings = {
				ALWAYS_SEARCH_USER_PATHS = NO;
				CLANG_ANALYZER_NONNULL = YES;
				CLANG_ANALYZER_NUMBER_OBJECT_CONVERSION = YES_AGGRESSIVE;
				CLANG_CXX_LANGUAGE_STANDARD = "gnu++14";
				CLANG_CXX_LIBRARY = "libc++";
				CLANG_ENABLE_MODULES = YES;
				CLANG_ENABLE_OBJC_ARC = YES;
				CLANG_WARN_BLOCK_CAPTURE_AUTORELEASING = YES;
				CLANG_WARN_BOOL_CONVERSION = YES;
				CLANG_WARN_COMMA = YES;
				CLANG_WARN_CONSTANT_CONVERSION = YES;
				CLANG_WARN_DIRECT_OBJC_ISA_USAGE = YES_ERROR;
				CLANG_WARN_DOCUMENTATION_COMMENTS = YES;
				CLANG_WARN_EMPTY_BODY = YES;
				CLANG_WARN_ENUM_CONVERSION = YES;
				CLANG_WARN_INFINITE_RECURSION = YES;
				CLANG_WARN_INT_CONVERSION = YES;
				CLANG_WARN_NON_LITERAL_NULL_CONVERSION = YES;
				CLANG_WARN_OBJC_LITERAL_CONVERSION = YES;
				CLANG_WARN_OBJC_ROOT_CLASS = YES_ERROR;
				CLANG_WARN_RANGE_LOOP_ANALYSIS = YES;
				CLANG_WARN_STRICT_PROTOTYPES = YES;
				CLANG_WARN_SUSPICIOUS_MOVE = YES;
				CLANG_WARN_UNGUARDED_AVAILABILITY = YES_AGGRESSIVE;
				CLANG_WARN_UNREACHABLE_CODE = YES;
				CLANG_WARN__DUPLICATE_METHOD_MATCH = YES;
				CODE_SIGN_IDENTITY = "iPhone Developer";
				COPY_PHASE_STRIP = NO;
				DEBUG_INFORMATION_FORMAT = dwarf;
				ENABLE_STRICT_OBJC_MSGSEND = YES;
				ENABLE_TESTABILITY = YES;
				GCC_C_LANGUAGE_STANDARD = gnu11;
				GCC_DYNAMIC_NO_PIC = NO;
				GCC_NO_COMMON_BLOCKS = YES;
				GCC_OPTIMIZATION_LEVEL = 0;
				GCC_PREPROCESSOR_DEFINITIONS = (
					"DEBUG=1",
					"$(inherited)",
				);
				GCC_WARN_64_TO_32_BIT_CONVERSION = YES;
				GCC_WARN_ABOUT_RETURN_TYPE = YES_ERROR;
				GCC_WARN_UNDECLARED_SELECTOR = YES;
				GCC_WARN_UNINITIALIZED_AUTOS = YES_AGGRESSIVE;
				GCC_WARN_UNUSED_FUNCTION = YES;
				GCC_WARN_UNUSED_VARIABLE = YES;
				IPHONEOS_DEPLOYMENT_TARGET = 11.2;
				MTL_ENABLE_DEBUG_INFO = YES;
				ONLY_ACTIVE_ARCH = YES;
				SDKROOT = iphoneos;
				SWIFT_ACTIVE_COMPILATION_CONDITIONS = DEBUG;
				SWIFT_OPTIMIZATION_LEVEL = "-Onone";
			};
			name = Debug;
		};
		1A521875203EE02C003186A5 /* Release */ = {
			isa = XCBuildConfiguration;
			buildSettings = {
				ALWAYS_SEARCH_USER_PATHS = NO;
				CLANG_ANALYZER_NONNULL = YES;
				CLANG_ANALYZER_NUMBER_OBJECT_CONVERSION = YES_AGGRESSIVE;
				CLANG_CXX_LANGUAGE_STANDARD = "gnu++14";
				CLANG_CXX_LIBRARY = "libc++";
				CLANG_ENABLE_MODULES = YES;
				CLANG_ENABLE_OBJC_ARC = YES;
				CLANG_WARN_BLOCK_CAPTURE_AUTORELEASING = YES;
				CLANG_WARN_BOOL_CONVERSION = YES;
				CLANG_WARN_COMMA = YES;
				CLANG_WARN_CONSTANT_CONVERSION = YES;
				CLANG_WARN_DIRECT_OBJC_ISA_USAGE = YES_ERROR;
				CLANG_WARN_DOCUMENTATION_COMMENTS = YES;
				CLANG_WARN_EMPTY_BODY = YES;
				CLANG_WARN_ENUM_CONVERSION = YES;
				CLANG_WARN_INFINITE_RECURSION = YES;
				CLANG_WARN_INT_CONVERSION = YES;
				CLANG_WARN_NON_LITERAL_NULL_CONVERSION = YES;
				CLANG_WARN_OBJC_LITERAL_CONVERSION = YES;
				CLANG_WARN_OBJC_ROOT_CLASS = YES_ERROR;
				CLANG_WARN_RANGE_LOOP_ANALYSIS = YES;
				CLANG_WARN_STRICT_PROTOTYPES = YES;
				CLANG_WARN_SUSPICIOUS_MOVE = YES;
				CLANG_WARN_UNGUARDED_AVAILABILITY = YES_AGGRESSIVE;
				CLANG_WARN_UNREACHABLE_CODE = YES;
				CLANG_WARN__DUPLICATE_METHOD_MATCH = YES;
				CODE_SIGN_IDENTITY = "iPhone Developer";
				COPY_PHASE_STRIP = NO;
				DEBUG_INFORMATION_FORMAT = "dwarf-with-dsym";
				ENABLE_NS_ASSERTIONS = NO;
				ENABLE_STRICT_OBJC_MSGSEND = YES;
				GCC_C_LANGUAGE_STANDARD = gnu11;
				GCC_NO_COMMON_BLOCKS = YES;
				GCC_WARN_64_TO_32_BIT_CONVERSION = YES;
				GCC_WARN_ABOUT_RETURN_TYPE = YES_ERROR;
				GCC_WARN_UNDECLARED_SELECTOR = YES;
				GCC_WARN_UNINITIALIZED_AUTOS = YES_AGGRESSIVE;
				GCC_WARN_UNUSED_FUNCTION = YES;
				GCC_WARN_UNUSED_VARIABLE = YES;
				IPHONEOS_DEPLOYMENT_TARGET = 11.2;
				MTL_ENABLE_DEBUG_INFO = NO;
				SDKROOT = iphoneos;
				SWIFT_OPTIMIZATION_LEVEL = "-Owholemodule";
				VALIDATE_PRODUCT = YES;
			};
			name = Release;
		};
		1A521877203EE02C003186A5 /* Debug */ = {
			isa = XCBuildConfiguration;
			buildSettings = {
				ASSETCATALOG_COMPILER_APPICON_NAME = AppIcon;
				"CODE_SIGN_IDENTITY[sdk=iphoneos*]" = "iPhone Developer";
				CODE_SIGN_STYLE = Manual;
				DEVELOPMENT_TEAM = C64GAK5X6W;
				INFOPLIST_FILE = WeatherAppVIPER/Info.plist;
				LD_RUNPATH_SEARCH_PATHS = "$(inherited) @executable_path/Frameworks";
				PRODUCT_BUNDLE_IDENTIFIER = com.credencys.WeatherAppVIPER;
				PRODUCT_NAME = "$(TARGET_NAME)";
				PROVISIONING_PROFILE = "7d8b2a7f-7254-495f-9900-eaf87988fc95";
				PROVISIONING_PROFILE_SPECIFIER = "Star Provisioning profile";
				SWIFT_VERSION = 4.0;
				TARGETED_DEVICE_FAMILY = "1,2";
			};
			name = Debug;
		};
		1A521878203EE02C003186A5 /* Release */ = {
			isa = XCBuildConfiguration;
			buildSettings = {
				ASSETCATALOG_COMPILER_APPICON_NAME = AppIcon;
				"CODE_SIGN_IDENTITY[sdk=iphoneos*]" = "iPhone Developer";
				CODE_SIGN_STYLE = Manual;
				DEVELOPMENT_TEAM = C64GAK5X6W;
				INFOPLIST_FILE = WeatherAppVIPER/Info.plist;
				LD_RUNPATH_SEARCH_PATHS = "$(inherited) @executable_path/Frameworks";
				PRODUCT_BUNDLE_IDENTIFIER = com.credencys.WeatherAppVIPER;
				PRODUCT_NAME = "$(TARGET_NAME)";
				PROVISIONING_PROFILE = "7d8b2a7f-7254-495f-9900-eaf87988fc95";
				PROVISIONING_PROFILE_SPECIFIER = "Star Provisioning profile";
				SWIFT_VERSION = 4.0;
				TARGETED_DEVICE_FAMILY = "1,2";
			};
			name = Release;
		};
/* End XCBuildConfiguration section */

/* Begin XCConfigurationList section */
		1A52185F203EE02B003186A5 /* Build configuration list for PBXProject "WeatherAppVIPER" */ = {
			isa = XCConfigurationList;
			buildConfigurations = (
				1A521874203EE02C003186A5 /* Debug */,
				1A521875203EE02C003186A5 /* Release */,
			);
			defaultConfigurationIsVisible = 0;
			defaultConfigurationName = Release;
		};
		1A521876203EE02C003186A5 /* Build configuration list for PBXNativeTarget "WeatherAppVIPER" */ = {
			isa = XCConfigurationList;
			buildConfigurations = (
				1A521877203EE02C003186A5 /* Debug */,
				1A521878203EE02C003186A5 /* Release */,
			);
			defaultConfigurationIsVisible = 0;
			defaultConfigurationName = Release;
		};
/* End XCConfigurationList section */
	};
	rootObject = 1A52185C203EE02B003186A5 /* Project object */;
}
